PODS:
  - boost-for-react-native (1.63.0)
  - DoubleConversion (1.1.5)
  - Folly (2016.10.31.00):
    - boost-for-react-native
    - DoubleConversion
    - glog
  - glog (0.3.4)
  - mobile-ffmpeg-https (2.1.1)
  - React (0.56.1):
    - React/Core (= 0.56.1)
  - react-native-ffmpeg (0.1.0):
    - mobile-ffmpeg-https
  - React/Core (0.56.1):
    - yoga (= 0.56.1.React)
  - React/CxxBridge (0.56.1):
    - Folly (= 2016.10.31.00)
    - React/Core
    - React/cxxreact
  - React/cxxreact (0.56.1):
    - boost-for-react-native (= 1.63.0)
    - Folly (= 2016.10.31.00)
    - React/jschelpers
    - React/jsinspector
  - React/DevSupport (0.56.1):
    - React/Core
    - React/RCTWebSocket
  - React/fishhook (0.56.1)
  - React/jschelpers (0.56.1):
    - Folly (= 2016.10.31.00)
    - React/PrivateDatabase
  - React/jsinspector (0.56.1)
  - React/PrivateDatabase (0.56.1)
  - React/RCTActionSheet (0.56.1):
    - React/Core
  - React/RCTAnimation (0.56.1):
    - React/Core
  - React/RCTBlob (0.56.1):
    - React/Core
  - React/RCTImage (0.56.1):
    - React/Core
    - React/RCTNetwork
  - React/RCTNetwork (0.56.1):
    - React/Core
  - React/RCTText (0.56.1):
    - React/Core
  - React/RCTWebSocket (0.56.1):
    - React/Core
    - React/fishhook
    - React/RCTBlob
  - RNFS (2.11.15):
    - React
  - yoga (0.56.1.React)

DEPENDENCIES:
  - DoubleConversion (from `../node_modules/react-native/third-party-podspecs/DoubleConversion.podspec`)
  - Folly (from `../node_modules/react-native/third-party-podspecs/Folly.podspec`)
  - glog (from `../node_modules/react-native/third-party-podspecs/glog.podspec`)
  - react-native-ffmpeg (from `../node_modules/react-native-ffmpeg/ios/react-native-ffmpeg.podspec`)
  - React/Core (from `../node_modules/react-native`)
  - React/CxxBridge (from `../node_modules/react-native`)
  - React/cxxreact (from `../node_modules/react-native`)
  - React/DevSupport (from `../node_modules/react-native`)
  - React/jschelpers (from `../node_modules/react-native`)
  - React/RCTActionSheet (from `../node_modules/react-native`)
  - React/RCTAnimation (from `../node_modules/react-native`)
  - React/RCTImage (from `../node_modules/react-native`)
  - React/RCTNetwork (from `../node_modules/react-native`)
  - React/RCTText (from `../node_modules/react-native`)
  - React/RCTWebSocket (from `../node_modules/react-native`)
  - RNFS (from `../node_modules/react-native-fs`)
  - yoga (from `../node_modules/react-native/ReactCommon/yoga`)

SPEC REPOS:
  https://github.com/cocoapods/specs.git:
    - boost-for-react-native
    - mobile-ffmpeg-https

EXTERNAL SOURCES:
  DoubleConversion:
    :podspec: "../node_modules/react-native/third-party-podspecs/DoubleConversion.podspec"
  Folly:
    :podspec: "../node_modules/react-native/third-party-podspecs/Folly.podspec"
  glog:
    :podspec: "../node_modules/react-native/third-party-podspecs/glog.podspec"
  React:
    :path: "../node_modules/react-native"
  react-native-ffmpeg:
    :podspec: "../node_modules/react-native-ffmpeg/ios/react-native-ffmpeg.podspec"
  RNFS:
    :path: "../node_modules/react-native-fs"
  yoga:
    :path: "../node_modules/react-native/ReactCommon/yoga"

CHECKOUT OPTIONS:
  react-native-ffmpeg:
    :commit: 97c1c9f47a62ae7dd59b5068b09fd2f08ba456aa
    :git: https://github.com/tanersener/react-native-ffmpeg.git

SPEC CHECKSUMS:
  boost-for-react-native: 39c7adb57c4e60d6c5479dd8623128eb5b3f0f2c
  DoubleConversion: a6ec5115d02a687c3a7350d6462b8c3e744bfa41
  Folly: fa458a15230e6bee654f3e2b25f6be60f0b61bf3
  glog: cffdcd539a4fed795bdf0146afde6dd4a981576c
  mobile-ffmpeg-https: 7d7c1fea8950cca139f6bb3b6c012084d5e6bacd
  React: 1fe0eb13d90b625d94c3b117c274dcfd2e760e11
  react-native-ffmpeg: 816e1d9dd08bf8ef2a3c4f417e3ba67dce3d9e33
  RNFS: bbb1a64eb245763daf34aea86f97c97c4e85f74c
  yoga: b1ce48b6cf950b98deae82838f5173ea7cf89e85

PODFILE CHECKSUM: 787ac7ff5cdfedf958118346a05f234565e6f19f

COCOAPODS: 1.6.0.beta.1
