PODS:
  - boost-for-react-native (1.63.0)
  - DoubleConversion (1.1.5)
  - Folly (2016.10.31.00):
    - boost-for-react-native
    - DoubleConversion
    - glog
  - glog (0.3.4)
  - mobile-ffmpeg-min (2.1.1)
  - React (0.56.1):
    - React/Core (= 0.56.1)
  - react-native-ffmpeg-min (0.0.1):
    - mobile-ffmpeg-min
  - React/Core (0.56.1):
    - yoga (= 0.56.1.React)
  - React/CxxBridge (0.56.1):
    - Folly (= 2016.10.31.00)
    - React/Core
    - React/cxxreact
  - React/cxxreact (0.56.1):
    - boost-for-react-native (= 1.63.0)
    - Folly (= 2016.10.31.00)
    - React/jschelpers
    - React/jsinspector
  - React/DevSupport (0.56.1):
    - React/Core
    - React/RCTWebSocket
  - React/fishhook (0.56.1)
  - React/jschelpers (0.56.1):
    - Folly (= 2016.10.31.00)
    - React/PrivateDatabase
  - React/jsinspector (0.56.1)
  - React/PrivateDatabase (0.56.1)
  - React/RCTActionSheet (0.56.1):
    - React/Core
  - React/RCTAnimation (0.56.1):
    - React/Core
  - React/RCTBlob (0.56.1):
    - React/Core
  - React/RCTImage (0.56.1):
    - React/Core
    - React/RCTNetwork
  - React/RCTNetwork (0.56.1):
    - React/Core
  - React/RCTText (0.56.1):
    - React/Core
  - React/RCTWebSocket (0.56.1):
    - React/Core
    - React/fishhook
    - React/RCTBlob
  - RNFS (2.11.15):
    - React
  - yoga (0.56.1.React)

DEPENDENCIES:
  - DoubleConversion (from `../node_modules/react-native/third-party-podspecs/DoubleConversion.podspec`)
  - Folly (from `../node_modules/react-native/third-party-podspecs/Folly.podspec`)
  - glog (from `../node_modules/react-native/third-party-podspecs/glog.podspec`)
  - react-native-ffmpeg-min (from `../node_modules/react-native-ffmpeg/ios/react-native-ffmpeg-min.podspec`)
  - React/Core (from `../node_modules/react-native`)
  - React/CxxBridge (from `../node_modules/react-native`)
  - React/cxxreact (from `../node_modules/react-native`)
  - React/DevSupport (from `../node_modules/react-native`)
  - React/jschelpers (from `../node_modules/react-native`)
  - React/RCTActionSheet (from `../node_modules/react-native`)
  - React/RCTAnimation (from `../node_modules/react-native`)
  - React/RCTImage (from `../node_modules/react-native`)
  - React/RCTNetwork (from `../node_modules/react-native`)
  - React/RCTText (from `../node_modules/react-native`)
  - React/RCTWebSocket (from `../node_modules/react-native`)
  - RNFS (from `../node_modules/react-native-fs`)
  - yoga (from `../node_modules/react-native/ReactCommon/yoga`)

SPEC REPOS:
  https://github.com/cocoapods/specs.git:
    - boost-for-react-native
    - mobile-ffmpeg-min

EXTERNAL SOURCES:
  DoubleConversion:
    :podspec: "../node_modules/react-native/third-party-podspecs/DoubleConversion.podspec"
  Folly:
    :podspec: "../node_modules/react-native/third-party-podspecs/Folly.podspec"
  glog:
    :podspec: "../node_modules/react-native/third-party-podspecs/glog.podspec"
  React:
    :path: "../node_modules/react-native"
  react-native-ffmpeg-min:
    :podspec: "../node_modules/react-native-ffmpeg/ios/react-native-ffmpeg-min.podspec"
  RNFS:
    :path: "../node_modules/react-native-fs"
  yoga:
    :path: "../node_modules/react-native/ReactCommon/yoga"

SPEC CHECKSUMS:
  boost-for-react-native: 39c7adb57c4e60d6c5479dd8623128eb5b3f0f2c
  DoubleConversion: a9706f16e388b53ff12cca34473428ee29746a26
  Folly: c89ac2d5c6ab169cd7397ef27485c44f35f742c7
  glog: b3b0330915eccea41c5cc9731a77cf564a9be5ea
  mobile-ffmpeg-min: 75051455a3799575ed077d80ec05e9b42026e58a
  React: 1fe0eb13d90b625d94c3b117c274dcfd2e760e11
  react-native-ffmpeg-min: 73fb9a15b52cdd4f69398c552fdd6633c563d01c
  RNFS: bbb1a64eb245763daf34aea86f97c97c4e85f74c
  yoga: b1ce48b6cf950b98deae82838f5173ea7cf89e85

PODFILE CHECKSUM: 78928a66ce528c104801547587dc9c1920641cbd

COCOAPODS: 1.6.0.beta.1
